
Microsoft Visual Studio Solution File, Format Version 12.00
# Visual Studio Version 17
VisualStudioVersion = 17.1.32319.34
MinimumVisualStudioVersion = 10.0.40219.1
Project("{FAE04EC0-301F-11D3-BF4B-00C04F79EFBC}") = "Clase1 - Ejercicio7", "Clase1 - Ejercicio7\Clase1 - Ejercicio7.csproj", "{29851645-1089-4B0F-A8E8-112F9E163D36}"
EndProject
Global
	GlobalSection(SolutionConfigurationPlatforms) = preSolution
		Debug|Any CPU = Debug|Any CPU
		Release|Any CPU = Release|Any CPU
	EndGlobalSection
	GlobalSection(ProjectConfigurationPlatforms) = postSolution
		{29851645-1089-4B0F-A8E8-112F9E163D36}.Debug|Any CPU.ActiveCfg = Debug|Any CPU
		{29851645-1089-4B0F-A8E8-112F9E163D36}.Debug|Any CPU.Build.0 = Debug|Any CPU
		{29851645-1089-4B0F-A8E8-112F9E163D36}.Release|Any CPU.ActiveCfg = Release|Any CPU
		{29851645-1089-4B0F-A8E8-112F9E163D36}.Release|Any CPU.Build.0 = Release|Any CPU
	EndGlobalSection
	GlobalSection(SolutionProperties) = preSolution
		HideSolutionNode = FALSE
	EndGlobalSection
	GlobalSection(ExtensibilityGlobals) = postSolution
		SolutionGuid = {EEACB9E4-2E2B-4126-99FB-29C6333466C8}
	EndGlobalSection
EndGlobal
