
Microsoft Visual Studio Solution File, Format Version 12.00
# Visual Studio Version 17
VisualStudioVersion = 17.1.32319.34
MinimumVisualStudioVersion = 10.0.40219.1
Project("{FAE04EC0-301F-11D3-BF4B-00C04F79EFBC}") = "Clase1 - Ejercicio1", "Clase1 - Ejercicio1\Clase1 - Ejercicio1.csproj", "{ACC76740-341D-4F20-A3DC-589F0A3FB3D9}"
EndProject
Global
	GlobalSection(SolutionConfigurationPlatforms) = preSolution
		Debug|Any CPU = Debug|Any CPU
		Release|Any CPU = Release|Any CPU
	EndGlobalSection
	GlobalSection(ProjectConfigurationPlatforms) = postSolution
		{ACC76740-341D-4F20-A3DC-589F0A3FB3D9}.Debug|Any CPU.ActiveCfg = Debug|Any CPU
		{ACC76740-341D-4F20-A3DC-589F0A3FB3D9}.Debug|Any CPU.Build.0 = Debug|Any CPU
		{ACC76740-341D-4F20-A3DC-589F0A3FB3D9}.Release|Any CPU.ActiveCfg = Release|Any CPU
		{ACC76740-341D-4F20-A3DC-589F0A3FB3D9}.Release|Any CPU.Build.0 = Release|Any CPU
	EndGlobalSection
	GlobalSection(SolutionProperties) = preSolution
		HideSolutionNode = FALSE
	EndGlobalSection
	GlobalSection(ExtensibilityGlobals) = postSolution
		SolutionGuid = {AD7A227A-846D-495B-8178-D8E614E54224}
	EndGlobalSection
EndGlobal
